// !$*UTF8*$!
{
	archiveVersion = 1;
	classes = {
	};
	objectVersion = 56;
	objects = {

/* Begin PBXBuildFile section */
		3C90DB3C2A2F7E1F00375F8A /* CarrefourChallengeApp.swift in Sources */ = {isa = PBXBuildFile; fileRef = 3C90DB3B2A2F7E1F00375F8A /* CarrefourChallengeApp.swift */; };
		3C90DB3E2A2F7E1F00375F8A /* ContentView.swift in Sources */ = {isa = PBXBuildFile; fileRef = 3C90DB3D2A2F7E1F00375F8A /* ContentView.swift */; };
		3C90DB402A2F7E2000375F8A /* Assets.xcassets in Resources */ = {isa = PBXBuildFile; fileRef = 3C90DB3F2A2F7E2000375F8A /* Assets.xcassets */; };
		3C90DB432A2F7E2000375F8A /* Preview Assets.xcassets in Resources */ = {isa = PBXBuildFile; fileRef = 3C90DB422A2F7E2000375F8A /* Preview Assets.xcassets */; };
		3C90DB4D2A2F7E2000375F8A /* CarrefourChallengeTests.swift in Sources */ = {isa = PBXBuildFile; fileRef = 3C90DB4C2A2F7E2000375F8A /* CarrefourChallengeTests.swift */; };
		3C90DB572A2F7E2000375F8A /* CarrefourChallengeUITests.swift in Sources */ = {isa = PBXBuildFile; fileRef = 3C90DB562A2F7E2000375F8A /* CarrefourChallengeUITests.swift */; };
		3C90DB592A2F7E2000375F8A /* CarrefourChallengeUITestsLaunchTests.swift in Sources */ = {isa = PBXBuildFile; fileRef = 3C90DB582A2F7E2000375F8A /* CarrefourChallengeUITestsLaunchTests.swift */; };
/* End PBXBuildFile section */

/* Begin PBXContainerItemProxy section */
		3C90DB492A2F7E2000375F8A /* PBXContainerItemProxy */ = {
			isa = PBXContainerItemProxy;
			containerPortal = 3C90DB302A2F7E1F00375F8A /* Project object */;
			proxyType = 1;
			remoteGlobalIDString = 3C90DB372A2F7E1F00375F8A;
			remoteInfo = CarrefourChallenge;
		};
		3C90DB532A2F7E2000375F8A /* PBXContainerItemProxy */ = {
			isa = PBXContainerItemProxy;
			containerPortal = 3C90DB302A2F7E1F00375F8A /* Project object */;
			proxyType = 1;
			remoteGlobalIDString = 3C90DB372A2F7E1F00375F8A;
			remoteInfo = CarrefourChallenge;
		};
/* End PBXContainerItemProxy section */

/* Begin PBXFileReference section */
		3C90DB382A2F7E1F00375F8A /* CarrefourChallenge.app */ = {isa = PBXFileReference; explicitFileType = wrapper.application; includeInIndex = 0; path = CarrefourChallenge.app; sourceTree = BUILT_PRODUCTS_DIR; };
		3C90DB3B2A2F7E1F00375F8A /* CarrefourChallengeApp.swift */ = {isa = PBXFileReference; lastKnownFileType = sourcecode.swift; path = CarrefourChallengeApp.swift; sourceTree = "<group>"; };
		3C90DB3D2A2F7E1F00375F8A /* ContentView.swift */ = {isa = PBXFileReference; lastKnownFileType = sourcecode.swift; path = ContentView.swift; sourceTree = "<group>"; };
		3C90DB3F2A2F7E2000375F8A /* Assets.xcassets */ = {isa = PBXFileReference; lastKnownFileType = folder.assetcatalog; path = Assets.xcassets; sourceTree = "<group>"; };
		3C90DB422A2F7E2000375F8A /* Preview Assets.xcassets */ = {isa = PBXFileReference; lastKnownFileType = folder.assetcatalog; path = "Preview Assets.xcassets"; sourceTree = "<group>"; };
		3C90DB482A2F7E2000375F8A /* CarrefourChallengeTests.xctest */ = {isa = PBXFileReference; explicitFileType = wrapper.cfbundle; includeInIndex = 0; path = CarrefourChallengeTests.xctest; sourceTree = BUILT_PRODUCTS_DIR; };
		3C90DB4C2A2F7E2000375F8A /* CarrefourChallengeTests.swift */ = {isa = PBXFileReference; lastKnownFileType = sourcecode.swift; path = CarrefourChallengeTests.swift; sourceTree = "<group>"; };
		3C90DB522A2F7E2000375F8A /* CarrefourChallengeUITests.xctest */ = {isa = PBXFileReference; explicitFileType = wrapper.cfbundle; includeInIndex = 0; path = CarrefourChallengeUITests.xctest; sourceTree = BUILT_PRODUCTS_DIR; };
		3C90DB562A2F7E2000375F8A /* CarrefourChallengeUITests.swift */ = {isa = PBXFileReference; lastKnownFileType = sourcecode.swift; path = CarrefourChallengeUITests.swift; sourceTree = "<group>"; };
		3C90DB582A2F7E2000375F8A /* CarrefourChallengeUITestsLaunchTests.swift */ = {isa = PBXFileReference; lastKnownFileType = sourcecode.swift; path = CarrefourChallengeUITestsLaunchTests.swift; sourceTree = "<group>"; };
/* End PBXFileReference section */

/* Begin PBXFrameworksBuildPhase section */
		3C90DB352A2F7E1F00375F8A /* Frameworks */ = {
			isa = PBXFrameworksBuildPhase;
			buildActionMask = 2147483647;
			files = (
			);
			runOnlyForDeploymentPostprocessing = 0;
		};
		3C90DB452A2F7E2000375F8A /* Frameworks */ = {
			isa = PBXFrameworksBuildPhase;
			buildActionMask = 2147483647;
			files = (
			);
			runOnlyForDeploymentPostprocessing = 0;
		};
		3C90DB4F2A2F7E2000375F8A /* Frameworks */ = {
			isa = PBXFrameworksBuildPhase;
			buildActionMask = 2147483647;
			files = (
			);
			runOnlyForDeploymentPostprocessing = 0;
		};
/* End PBXFrameworksBuildPhase section */

/* Begin PBXGroup section */
		3C90DB2F2A2F7E1F00375F8A = {
			isa = PBXGroup;
			children = (
				3C90DB3A2A2F7E1F00375F8A /* CarrefourChallenge */,
				3C90DB4B2A2F7E2000375F8A /* CarrefourChallengeTests */,
				3C90DB552A2F7E2000375F8A /* CarrefourChallengeUITests */,
				3C90DB392A2F7E1F00375F8A /* Products */,
			);
			sourceTree = "<group>";
		};
		3C90DB392A2F7E1F00375F8A /* Products */ = {
			isa = PBXGroup;
			children = (
				3C90DB382A2F7E1F00375F8A /* CarrefourChallenge.app */,
				3C90DB482A2F7E2000375F8A /* CarrefourChallengeTests.xctest */,
				3C90DB522A2F7E2000375F8A /* CarrefourChallengeUITests.xctest */,
			);
			name = Products;
			sourceTree = "<group>";
		};
		3C90DB3A2A2F7E1F00375F8A /* CarrefourChallenge */ = {
			isa = PBXGroup;
			children = (
				3C90DB3B2A2F7E1F00375F8A /* CarrefourChallengeApp.swift */,
				3C90DB3D2A2F7E1F00375F8A /* ContentView.swift */,
				3C90DB3F2A2F7E2000375F8A /* Assets.xcassets */,
				3C90DB412A2F7E2000375F8A /* Preview Content */,
			);
			path = CarrefourChallenge;
			sourceTree = "<group>";
		};
		3C90DB412A2F7E2000375F8A /* Preview Content */ = {
			isa = PBXGroup;
			children = (
				3C90DB422A2F7E2000375F8A /* Preview Assets.xcassets */,
			);
			path = "Preview Content";
			sourceTree = "<group>";
		};
		3C90DB4B2A2F7E2000375F8A /* CarrefourChallengeTests */ = {
			isa = PBXGroup;
			children = (
				3C90DB4C2A2F7E2000375F8A /* CarrefourChallengeTests.swift */,
			);
			path = CarrefourChallengeTests;
			sourceTree = "<group>";
		};
		3C90DB552A2F7E2000375F8A /* CarrefourChallengeUITests */ = {
			isa = PBXGroup;
			children = (
				3C90DB562A2F7E2000375F8A /* CarrefourChallengeUITests.swift */,
				3C90DB582A2F7E2000375F8A /* CarrefourChallengeUITestsLaunchTests.swift */,
			);
			path = CarrefourChallengeUITests;
			sourceTree = "<group>";
		};
/* End PBXGroup section */

/* Begin PBXNativeTarget section */
		3C90DB372A2F7E1F00375F8A /* CarrefourChallenge */ = {
			isa = PBXNativeTarget;
			buildConfigurationList = 3C90DB5C2A2F7E2000375F8A /* Build configuration list for PBXNativeTarget "CarrefourChallenge" */;
			buildPhases = (
				3C90DB342A2F7E1F00375F8A /* Sources */,
				3C90DB352A2F7E1F00375F8A /* Frameworks */,
				3C90DB362A2F7E1F00375F8A /* Resources */,
			);
			buildRules = (
			);
			dependencies = (
			);
			name = CarrefourChallenge;
			productName = CarrefourChallenge;
			productReference = 3C90DB382A2F7E1F00375F8A /* CarrefourChallenge.app */;
			productType = "com.apple.product-type.application";
		};
		3C90DB472A2F7E2000375F8A /* CarrefourChallengeTests */ = {
			isa = PBXNativeTarget;
			buildConfigurationList = 3C90DB5F2A2F7E2000375F8A /* Build configuration list for PBXNativeTarget "CarrefourChallengeTests" */;
			buildPhases = (
				3C90DB442A2F7E2000375F8A /* Sources */,
				3C90DB452A2F7E2000375F8A /* Frameworks */,
				3C90DB462A2F7E2000375F8A /* Resources */,
			);
			buildRules = (
			);
			dependencies = (
				3C90DB4A2A2F7E2000375F8A /* PBXTargetDependency */,
			);
			name = CarrefourChallengeTests;
			productName = CarrefourChallengeTests;
			productReference = 3C90DB482A2F7E2000375F8A /* CarrefourChallengeTests.xctest */;
			productType = "com.apple.product-type.bundle.unit-test";
		};
		3C90DB512A2F7E2000375F8A /* CarrefourChallengeUITests */ = {
			isa = PBXNativeTarget;
			buildConfigurationList = 3C90DB622A2F7E2000375F8A /* Build configuration list for PBXNativeTarget "CarrefourChallengeUITests" */;
			buildPhases = (
				3C90DB4E2A2F7E2000375F8A /* Sources */,
				3C90DB4F2A2F7E2000375F8A /* Frameworks */,
				3C90DB502A2F7E2000375F8A /* Resources */,
			);
			buildRules = (
			);
			dependencies = (
				3C90DB542A2F7E2000375F8A /* PBXTargetDependency */,
			);
			name = CarrefourChallengeUITests;
			productName = CarrefourChallengeUITests;
			productReference = 3C90DB522A2F7E2000375F8A /* CarrefourChallengeUITests.xctest */;
			productType = "com.apple.product-type.bundle.ui-testing";
		};
/* End PBXNativeTarget section */

/* Begin PBXProject section */
		3C90DB302A2F7E1F00375F8A /* Project object */ = {
			isa = PBXProject;
			attributes = {
				BuildIndependentTargetsInParallel = 1;
				LastSwiftUpdateCheck = 1420;
				LastUpgradeCheck = 1420;
				TargetAttributes = {
					3C90DB372A2F7E1F00375F8A = {
						CreatedOnToolsVersion = 14.2;
					};
					3C90DB472A2F7E2000375F8A = {
						CreatedOnToolsVersion = 14.2;
						TestTargetID = 3C90DB372A2F7E1F00375F8A;
					};
					3C90DB512A2F7E2000375F8A = {
						CreatedOnToolsVersion = 14.2;
						TestTargetID = 3C90DB372A2F7E1F00375F8A;
					};
				};
			};
			buildConfigurationList = 3C90DB332A2F7E1F00375F8A /* Build configuration list for PBXProject "CarrefourChallenge" */;
			compatibilityVersion = "Xcode 14.0";
			developmentRegion = en;
			hasScannedForEncodings = 0;
			knownRegions = (
				en,
				Base,
			);
			mainGroup = 3C90DB2F2A2F7E1F00375F8A;
			productRefGroup = 3C90DB392A2F7E1F00375F8A /* Products */;
			projectDirPath = "";
			projectRoot = "";
			targets = (
				3C90DB372A2F7E1F00375F8A /* CarrefourChallenge */,
				3C90DB472A2F7E2000375F8A /* CarrefourChallengeTests */,
				3C90DB512A2F7E2000375F8A /* CarrefourChallengeUITests */,
			);
		};
/* End PBXProject section */

/* Begin PBXResourcesBuildPhase section */
		3C90DB362A2F7E1F00375F8A /* Resources */ = {
			isa = PBXResourcesBuildPhase;
			buildActionMask = 2147483647;
			files = (
				3C90DB432A2F7E2000375F8A /* Preview Assets.xcassets in Resources */,
				3C90DB402A2F7E2000375F8A /* Assets.xcassets in Resources */,
			);
			runOnlyForDeploymentPostprocessing = 0;
		};
		3C90DB462A2F7E2000375F8A /* Resources */ = {
			isa = PBXResourcesBuildPhase;
			buildActionMask = 2147483647;
			files = (
			);
			runOnlyForDeploymentPostprocessing = 0;
		};
		3C90DB502A2F7E2000375F8A /* Resources */ = {
			isa = PBXResourcesBuildPhase;
			buildActionMask = 2147483647;
			files = (
			);
			runOnlyForDeploymentPostprocessing = 0;
		};
/* End PBXResourcesBuildPhase section */

/* Begin PBXSourcesBuildPhase section */
		3C90DB342A2F7E1F00375F8A /* Sources */ = {
			isa = PBXSourcesBuildPhase;
			buildActionMask = 2147483647;
			files = (
				3C90DB3E2A2F7E1F00375F8A /* ContentView.swift in Sources */,
				3C90DB3C2A2F7E1F00375F8A /* CarrefourChallengeApp.swift in Sources */,
			);
			runOnlyForDeploymentPostprocessing = 0;
		};
		3C90DB442A2F7E2000375F8A /* Sources */ = {
			isa = PBXSourcesBuildPhase;
			buildActionMask = 2147483647;
			files = (
				3C90DB4D2A2F7E2000375F8A /* CarrefourChallengeTests.swift in Sources */,
			);
			runOnlyForDeploymentPostprocessing = 0;
		};
		3C90DB4E2A2F7E2000375F8A /* Sources */ = {
			isa = PBXSourcesBuildPhase;
			buildActionMask = 2147483647;
			files = (
				3C90DB592A2F7E2000375F8A /* CarrefourChallengeUITestsLaunchTests.swift in Sources */,
				3C90DB572A2F7E2000375F8A /* CarrefourChallengeUITests.swift in Sources */,
			);
			runOnlyForDeploymentPostprocessing = 0;
		};
/* End PBXSourcesBuildPhase section */

/* Begin PBXTargetDependency section */
		3C90DB4A2A2F7E2000375F8A /* PBXTargetDependency */ = {
			isa = PBXTargetDependency;
			target = 3C90DB372A2F7E1F00375F8A /* CarrefourChallenge */;
			targetProxy = 3C90DB492A2F7E2000375F8A /* PBXContainerItemProxy */;
		};
		3C90DB542A2F7E2000375F8A /* PBXTargetDependency */ = {
			isa = PBXTargetDependency;
			target = 3C90DB372A2F7E1F00375F8A /* CarrefourChallenge */;
			targetProxy = 3C90DB532A2F7E2000375F8A /* PBXContainerItemProxy */;
		};
/* End PBXTargetDependency section */

/* Begin XCBuildConfiguration section */
		3C90DB5A2A2F7E2000375F8A /* Debug */ = {
			isa = XCBuildConfiguration;
			buildSettings = {
				ALWAYS_SEARCH_USER_PATHS = NO;
				CLANG_ANALYZER_NONNULL = YES;
				CLANG_ANALYZER_NUMBER_OBJECT_CONVERSION = YES_AGGRESSIVE;
				CLANG_CXX_LANGUAGE_STANDARD = "gnu++20";
				CLANG_ENABLE_MODULES = YES;
				CLANG_ENABLE_OBJC_ARC = YES;
				CLANG_ENABLE_OBJC_WEAK = YES;
				CLANG_WARN_BLOCK_CAPTURE_AUTORELEASING = YES;
				CLANG_WARN_BOOL_CONVERSION = YES;
				CLANG_WARN_COMMA = YES;
				CLANG_WARN_CONSTANT_CONVERSION = YES;
				CLANG_WARN_DEPRECATED_OBJC_IMPLEMENTATIONS = YES;
				CLANG_WARN_DIRECT_OBJC_ISA_USAGE = YES_ERROR;
				CLANG_WARN_DOCUMENTATION_COMMENTS = YES;
				CLANG_WARN_EMPTY_BODY = YES;
				CLANG_WARN_ENUM_CONVERSION = YES;
				CLANG_WARN_INFINITE_RECURSION = YES;
				CLANG_WARN_INT_CONVERSION = YES;
				CLANG_WARN_NON_LITERAL_NULL_CONVERSION = YES;
				CLANG_WARN_OBJC_IMPLICIT_RETAIN_SELF = YES;
				CLANG_WARN_OBJC_LITERAL_CONVERSION = YES;
				CLANG_WARN_OBJC_ROOT_CLASS = YES_ERROR;
				CLANG_WARN_QUOTED_INCLUDE_IN_FRAMEWORK_HEADER = YES;
				CLANG_WARN_RANGE_LOOP_ANALYSIS = YES;
				CLANG_WARN_STRICT_PROTOTYPES = YES;
				CLANG_WARN_SUSPICIOUS_MOVE = YES;
				CLANG_WARN_UNGUARDED_AVAILABILITY = YES_AGGRESSIVE;
				CLANG_WARN_UNREACHABLE_CODE = YES;
				CLANG_WARN__DUPLICATE_METHOD_MATCH = YES;
				COPY_PHASE_STRIP = NO;
				DEBUG_INFORMATION_FORMAT = dwarf;
				ENABLE_STRICT_OBJC_MSGSEND = YES;
				ENABLE_TESTABILITY = YES;
				GCC_C_LANGUAGE_STANDARD = gnu11;
				GCC_DYNAMIC_NO_PIC = NO;
				GCC_NO_COMMON_BLOCKS = YES;
				GCC_OPTIMIZATION_LEVEL = 0;
				GCC_PREPROCESSOR_DEFINITIONS = (
					"DEBUG=1",
					"$(inherited)",
				);
				GCC_WARN_64_TO_32_BIT_CONVERSION = YES;
				GCC_WARN_ABOUT_RETURN_TYPE = YES_ERROR;
				GCC_WARN_UNDECLARED_SELECTOR = YES;
				GCC_WARN_UNINITIALIZED_AUTOS = YES_AGGRESSIVE;
				GCC_WARN_UNUSED_FUNCTION = YES;
				GCC_WARN_UNUSED_VARIABLE = YES;
				IPHONEOS_DEPLOYMENT_TARGET = 16.2;
				MTL_ENABLE_DEBUG_INFO = INCLUDE_SOURCE;
				MTL_FAST_MATH = YES;
				ONLY_ACTIVE_ARCH = YES;
				SDKROOT = iphoneos;
				SWIFT_ACTIVE_COMPILATION_CONDITIONS = DEBUG;
				SWIFT_OPTIMIZATION_LEVEL = "-Onone";
			};
			name = Debug;
		};
		3C90DB5B2A2F7E2000375F8A /* Release */ = {
			isa = XCBuildConfiguration;
			buildSettings = {
				ALWAYS_SEARCH_USER_PATHS = NO;
				CLANG_ANALYZER_NONNULL = YES;
				CLANG_ANALYZER_NUMBER_OBJECT_CONVERSION = YES_AGGRESSIVE;
				CLANG_CXX_LANGUAGE_STANDARD = "gnu++20";
				CLANG_ENABLE_MODULES = YES;
				CLANG_ENABLE_OBJC_ARC = YES;
				CLANG_ENABLE_OBJC_WEAK = YES;
				CLANG_WARN_BLOCK_CAPTURE_AUTORELEASING = YES;
				CLANG_WARN_BOOL_CONVERSION = YES;
				CLANG_WARN_COMMA = YES;
				CLANG_WARN_CONSTANT_CONVERSION = YES;
				CLANG_WARN_DEPRECATED_OBJC_IMPLEMENTATIONS = YES;
				CLANG_WARN_DIRECT_OBJC_ISA_USAGE = YES_ERROR;
				CLANG_WARN_DOCUMENTATION_COMMENTS = YES;
				CLANG_WARN_EMPTY_BODY = YES;
				CLANG_WARN_ENUM_CONVERSION = YES;
				CLANG_WARN_INFINITE_RECURSION = YES;
				CLANG_WARN_INT_CONVERSION = YES;
				CLANG_WARN_NON_LITERAL_NULL_CONVERSION = YES;
				CLANG_WARN_OBJC_IMPLICIT_RETAIN_SELF = YES;
				CLANG_WARN_OBJC_LITERAL_CONVERSION = YES;
				CLANG_WARN_OBJC_ROOT_CLASS = YES_ERROR;
				CLANG_WARN_QUOTED_INCLUDE_IN_FRAMEWORK_HEADER = YES;
				CLANG_WARN_RANGE_LOOP_ANALYSIS = YES;
				CLANG_WARN_STRICT_PROTOTYPES = YES;
				CLANG_WARN_SUSPICIOUS_MOVE = YES;
				CLANG_WARN_UNGUARDED_AVAILABILITY = YES_AGGRESSIVE;
				CLANG_WARN_UNREACHABLE_CODE = YES;
				CLANG_WARN__DUPLICATE_METHOD_MATCH = YES;
				COPY_PHASE_STRIP = NO;
				DEBUG_INFORMATION_FORMAT = "dwarf-with-dsym";
				ENABLE_NS_ASSERTIONS = NO;
				ENABLE_STRICT_OBJC_MSGSEND = YES;
				GCC_C_LANGUAGE_STANDARD = gnu11;
				GCC_NO_COMMON_BLOCKS = YES;
				GCC_WARN_64_TO_32_BIT_CONVERSION = YES;
				GCC_WARN_ABOUT_RETURN_TYPE = YES_ERROR;
				GCC_WARN_UNDECLARED_SELECTOR = YES;
				GCC_WARN_UNINITIALIZED_AUTOS = YES_AGGRESSIVE;
				GCC_WARN_UNUSED_FUNCTION = YES;
				GCC_WARN_UNUSED_VARIABLE = YES;
				IPHONEOS_DEPLOYMENT_TARGET = 16.2;
				MTL_ENABLE_DEBUG_INFO = NO;
				MTL_FAST_MATH = YES;
				SDKROOT = iphoneos;
				SWIFT_COMPILATION_MODE = wholemodule;
				SWIFT_OPTIMIZATION_LEVEL = "-O";
				VALIDATE_PRODUCT = YES;
			};
			name = Release;
		};
		3C90DB5D2A2F7E2000375F8A /* Debug */ = {
			isa = XCBuildConfiguration;
			buildSettings = {
				ASSETCATALOG_COMPILER_APPICON_NAME = AppIcon;
				ASSETCATALOG_COMPILER_GLOBAL_ACCENT_COLOR_NAME = AccentColor;
				CODE_SIGN_STYLE = Automatic;
				CURRENT_PROJECT_VERSION = 1;
				DEVELOPMENT_ASSET_PATHS = "\"CarrefourChallenge/Preview Content\"";
				DEVELOPMENT_TEAM = DMY7Q9SS25;
				ENABLE_PREVIEWS = YES;
				GENERATE_INFOPLIST_FILE = YES;
				INFOPLIST_KEY_UIApplicationSceneManifest_Generation = YES;
				INFOPLIST_KEY_UIApplicationSupportsIndirectInputEvents = YES;
				INFOPLIST_KEY_UILaunchScreen_Generation = YES;
				INFOPLIST_KEY_UISupportedInterfaceOrientations_iPad = "UIInterfaceOrientationPortrait UIInterfaceOrientationPortraitUpsideDown UIInterfaceOrientationLandscapeLeft UIInterfaceOrientationLandscapeRight";
				INFOPLIST_KEY_UISupportedInterfaceOrientations_iPhone = "UIInterfaceOrientationPortrait UIInterfaceOrientationLandscapeLeft UIInterfaceOrientationLandscapeRight";
				LD_RUNPATH_SEARCH_PATHS = (
					"$(inherited)",
					"@executable_path/Frameworks",
				);
				MARKETING_VERSION = 1.0;
				PRODUCT_BUNDLE_IDENTIFIER = com.br.CarrefourChallenge;
				PRODUCT_NAME = "$(TARGET_NAME)";
				SWIFT_EMIT_LOC_STRINGS = YES;
				SWIFT_VERSION = 5.0;
				TARGETED_DEVICE_FAMILY = "1,2";
			};
			name = Debug;
		};
		3C90DB5E2A2F7E2000375F8A /* Release */ = {
			isa = XCBuildConfiguration;
			buildSettings = {
				ASSETCATALOG_COMPILER_APPICON_NAME = AppIcon;
				ASSETCATALOG_COMPILER_GLOBAL_ACCENT_COLOR_NAME = AccentColor;
				CODE_SIGN_STYLE = Automatic;
				CURRENT_PROJECT_VERSION = 1;
				DEVELOPMENT_ASSET_PATHS = "\"CarrefourChallenge/Preview Content\"";
				DEVELOPMENT_TEAM = DMY7Q9SS25;
				ENABLE_PREVIEWS = YES;
				GENERATE_INFOPLIST_FILE = YES;
				INFOPLIST_KEY_UIApplicationSceneManifest_Generation = YES;
				INFOPLIST_KEY_UIApplicationSupportsIndirectInputEvents = YES;
				INFOPLIST_KEY_UILaunchScreen_Generation = YES;
				INFOPLIST_KEY_UISupportedInterfaceOrientations_iPad = "UIInterfaceOrientationPortrait UIInterfaceOrientationPortraitUpsideDown UIInterfaceOrientationLandscapeLeft UIInterfaceOrientationLandscapeRight";
				INFOPLIST_KEY_UISupportedInterfaceOrientations_iPhone = "UIInterfaceOrientationPortrait UIInterfaceOrientationLandscapeLeft UIInterfaceOrientationLandscapeRight";
				LD_RUNPATH_SEARCH_PATHS = (
					"$(inherited)",
					"@executable_path/Frameworks",
				);
				MARKETING_VERSION = 1.0;
				PRODUCT_BUNDLE_IDENTIFIER = com.br.CarrefourChallenge;
				PRODUCT_NAME = "$(TARGET_NAME)";
				SWIFT_EMIT_LOC_STRINGS = YES;
				SWIFT_VERSION = 5.0;
				TARGETED_DEVICE_FAMILY = "1,2";
			};
			name = Release;
		};
		3C90DB602A2F7E2000375F8A /* Debug */ = {
			isa = XCBuildConfiguration;
			buildSettings = {
				ALWAYS_EMBED_SWIFT_STANDARD_LIBRARIES = YES;
				BUNDLE_LOADER = "$(TEST_HOST)";
				CODE_SIGN_STYLE = Automatic;
				CURRENT_PROJECT_VERSION = 1;
				DEVELOPMENT_TEAM = DMY7Q9SS25;
				GENERATE_INFOPLIST_FILE = YES;
				IPHONEOS_DEPLOYMENT_TARGET = 16.2;
				MARKETING_VERSION = 1.0;
				PRODUCT_BUNDLE_IDENTIFIER = com.br.CarrefourChallengeTests;
				PRODUCT_NAME = "$(TARGET_NAME)";
				SWIFT_EMIT_LOC_STRINGS = NO;
				SWIFT_VERSION = 5.0;
				TARGETED_DEVICE_FAMILY = "1,2";
				TEST_HOST = "$(BUILT_PRODUCTS_DIR)/CarrefourChallenge.app/$(BUNDLE_EXECUTABLE_FOLDER_PATH)/CarrefourChallenge";
			};
			name = Debug;
		};
		3C90DB612A2F7E2000375F8A /* Release */ = {
			isa = XCBuildConfiguration;
			buildSettings = {
				ALWAYS_EMBED_SWIFT_STANDARD_LIBRARIES = YES;
				BUNDLE_LOADER = "$(TEST_HOST)";
				CODE_SIGN_STYLE = Automatic;
				CURRENT_PROJECT_VERSION = 1;
				DEVELOPMENT_TEAM = DMY7Q9SS25;
				GENERATE_INFOPLIST_FILE = YES;
				IPHONEOS_DEPLOYMENT_TARGET = 16.2;
				MARKETING_VERSION = 1.0;
				PRODUCT_BUNDLE_IDENTIFIER = com.br.CarrefourChallengeTests;
				PRODUCT_NAME = "$(TARGET_NAME)";
				SWIFT_EMIT_LOC_STRINGS = NO;
				SWIFT_VERSION = 5.0;
				TARGETED_DEVICE_FAMILY = "1,2";
				TEST_HOST = "$(BUILT_PRODUCTS_DIR)/CarrefourChallenge.app/$(BUNDLE_EXECUTABLE_FOLDER_PATH)/CarrefourChallenge";
			};
			name = Release;
		};
		3C90DB632A2F7E2000375F8A /* Debug */ = {
			isa = XCBuildConfiguration;
			buildSettings = {
				ALWAYS_EMBED_SWIFT_STANDARD_LIBRARIES = YES;
				CODE_SIGN_STYLE = Automatic;
				CURRENT_PROJECT_VERSION = 1;
				DEVELOPMENT_TEAM = DMY7Q9SS25;
				GENERATE_INFOPLIST_FILE = YES;
				MARKETING_VERSION = 1.0;
				PRODUCT_BUNDLE_IDENTIFIER = com.br.CarrefourChallengeUITests;
				PRODUCT_NAME = "$(TARGET_NAME)";
				SWIFT_EMIT_LOC_STRINGS = NO;
				SWIFT_VERSION = 5.0;
				TARGETED_DEVICE_FAMILY = "1,2";
				TEST_TARGET_NAME = CarrefourChallenge;
			};
			name = Debug;
		};
		3C90DB642A2F7E2000375F8A /* Release */ = {
			isa = XCBuildConfiguration;
			buildSettings = {
				ALWAYS_EMBED_SWIFT_STANDARD_LIBRARIES = YES;
				CODE_SIGN_STYLE = Automatic;
				CURRENT_PROJECT_VERSION = 1;
				DEVELOPMENT_TEAM = DMY7Q9SS25;
				GENERATE_INFOPLIST_FILE = YES;
				MARKETING_VERSION = 1.0;
				PRODUCT_BUNDLE_IDENTIFIER = com.br.CarrefourChallengeUITests;
				PRODUCT_NAME = "$(TARGET_NAME)";
				SWIFT_EMIT_LOC_STRINGS = NO;
				SWIFT_VERSION = 5.0;
				TARGETED_DEVICE_FAMILY = "1,2";
				TEST_TARGET_NAME = CarrefourChallenge;
			};
			name = Release;
		};
/* End XCBuildConfiguration section */

/* Begin XCConfigurationList section */
		3C90DB332A2F7E1F00375F8A /* Build configuration list for PBXProject "CarrefourChallenge" */ = {
			isa = XCConfigurationList;
			buildConfigurations = (
				3C90DB5A2A2F7E2000375F8A /* Debug */,
				3C90DB5B2A2F7E2000375F8A /* Release */,
			);
			defaultConfigurationIsVisible = 0;
			defaultConfigurationName = Release;
		};
		3C90DB5C2A2F7E2000375F8A /* Build configuration list for PBXNativeTarget "CarrefourChallenge" */ = {
			isa = XCConfigurationList;
			buildConfigurations = (
				3C90DB5D2A2F7E2000375F8A /* Debug */,
				3C90DB5E2A2F7E2000375F8A /* Release */,
			);
			defaultConfigurationIsVisible = 0;
			defaultConfigurationName = Release;
		};
		3C90DB5F2A2F7E2000375F8A /* Build configuration list for PBXNativeTarget "CarrefourChallengeTests" */ = {
			isa = XCConfigurationList;
			buildConfigurations = (
				3C90DB602A2F7E2000375F8A /* Debug */,
				3C90DB612A2F7E2000375F8A /* Release */,
			);
			defaultConfigurationIsVisible = 0;
			defaultConfigurationName = Release;
		};
		3C90DB622A2F7E2000375F8A /* Build configuration list for PBXNativeTarget "CarrefourChallengeUITests" */ = {
			isa = XCConfigurationList;
			buildConfigurations = (
				3C90DB632A2F7E2000375F8A /* Debug */,
				3C90DB642A2F7E2000375F8A /* Release */,
			);
			defaultConfigurationIsVisible = 0;
			defaultConfigurationName = Release;
		};
/* End XCConfigurationList section */
	};
	rootObject = 3C90DB302A2F7E1F00375F8A /* Project object */;
}
